// !$*UTF8*$!
{
	archiveVersion = 1;
	classes = {
	};
	objectVersion = 55;
	objects = {

/* Begin PBXBuildFile section */
		0239B55528596B60004F3A48 /* DetailsViewController.swift in Sources */ = {isa = PBXBuildFile; fileRef = 0239B55428596B60004F3A48 /* DetailsViewController.swift */; };
		02C9D2952858D4CC002FBB02 /* AppDelegate.swift in Sources */ = {isa = PBXBuildFile; fileRef = 02C9D2942858D4CC002FBB02 /* AppDelegate.swift */; };
		02C9D2972858D4CC002FBB02 /* SceneDelegate.swift in Sources */ = {isa = PBXBuildFile; fileRef = 02C9D2962858D4CC002FBB02 /* SceneDelegate.swift */; };
		02C9D2992858D4CC002FBB02 /* ViewController.swift in Sources */ = {isa = PBXBuildFile; fileRef = 02C9D2982858D4CC002FBB02 /* ViewController.swift */; };
		02C9D29C2858D4CC002FBB02 /* Main.storyboard in Resources */ = {isa = PBXBuildFile; fileRef = 02C9D29A2858D4CC002FBB02 /* Main.storyboard */; };
		02C9D29E2858D4CE002FBB02 /* Assets.xcassets in Resources */ = {isa = PBXBuildFile; fileRef = 02C9D29D2858D4CE002FBB02 /* Assets.xcassets */; };
		02C9D2A12858D4CE002FBB02 /* LaunchScreen.storyboard in Resources */ = {isa = PBXBuildFile; fileRef = 02C9D29F2858D4CE002FBB02 /* LaunchScreen.storyboard */; };
		02C9D2AC2858D4CF002FBB02 /* RickAndMortyTests.swift in Sources */ = {isa = PBXBuildFile; fileRef = 02C9D2AB2858D4CF002FBB02 /* RickAndMortyTests.swift */; };
		02C9D2B62858D4CF002FBB02 /* RickAndMortyUITests.swift in Sources */ = {isa = PBXBuildFile; fileRef = 02C9D2B52858D4CF002FBB02 /* RickAndMortyUITests.swift */; };
		02C9D2B82858D4CF002FBB02 /* RickAndMortyUITestsLaunchTests.swift in Sources */ = {isa = PBXBuildFile; fileRef = 02C9D2B72858D4CF002FBB02 /* RickAndMortyUITestsLaunchTests.swift */; };
		02C9D2C62858D89D002FBB02 /* Characters.swift in Sources */ = {isa = PBXBuildFile; fileRef = 02C9D2C52858D89D002FBB02 /* Characters.swift */; };
		02C9D2CA2858DA99002FBB02 /* RickAndMortyAPI.swift in Sources */ = {isa = PBXBuildFile; fileRef = 02C9D2C92858DA99002FBB02 /* RickAndMortyAPI.swift */; };
		02C9D2CC2858DACC002FBB02 /* rmAPIProtocol.swift in Sources */ = {isa = PBXBuildFile; fileRef = 02C9D2CB2858DACC002FBB02 /* rmAPIProtocol.swift */; };
/* End PBXBuildFile section */

/* Begin PBXContainerItemProxy section */
		02C9D2A82858D4CE002FBB02 /* PBXContainerItemProxy */ = {
			isa = PBXContainerItemProxy;
			containerPortal = 02C9D2892858D4CC002FBB02 /* Project object */;
			proxyType = 1;
			remoteGlobalIDString = 02C9D2902858D4CC002FBB02;
			remoteInfo = RickAndMorty;
		};
		02C9D2B22858D4CF002FBB02 /* PBXContainerItemProxy */ = {
			isa = PBXContainerItemProxy;
			containerPortal = 02C9D2892858D4CC002FBB02 /* Project object */;
			proxyType = 1;
			remoteGlobalIDString = 02C9D2902858D4CC002FBB02;
			remoteInfo = RickAndMorty;
		};
/* End PBXContainerItemProxy section */

/* Begin PBXFileReference section */
		0239B55428596B60004F3A48 /* DetailsViewController.swift */ = {isa = PBXFileReference; lastKnownFileType = sourcecode.swift; path = DetailsViewController.swift; sourceTree = "<group>"; };
		02C9D2912858D4CC002FBB02 /* RickAndMorty.app */ = {isa = PBXFileReference; explicitFileType = wrapper.application; includeInIndex = 0; path = RickAndMorty.app; sourceTree = BUILT_PRODUCTS_DIR; };
		02C9D2942858D4CC002FBB02 /* AppDelegate.swift */ = {isa = PBXFileReference; lastKnownFileType = sourcecode.swift; path = AppDelegate.swift; sourceTree = "<group>"; };
		02C9D2962858D4CC002FBB02 /* SceneDelegate.swift */ = {isa = PBXFileReference; lastKnownFileType = sourcecode.swift; path = SceneDelegate.swift; sourceTree = "<group>"; };
		02C9D2982858D4CC002FBB02 /* ViewController.swift */ = {isa = PBXFileReference; lastKnownFileType = sourcecode.swift; path = ViewController.swift; sourceTree = "<group>"; };
		02C9D29B2858D4CC002FBB02 /* Base */ = {isa = PBXFileReference; lastKnownFileType = file.storyboard; name = Base; path = Base.lproj/Main.storyboard; sourceTree = "<group>"; };
		02C9D29D2858D4CE002FBB02 /* Assets.xcassets */ = {isa = PBXFileReference; lastKnownFileType = folder.assetcatalog; path = Assets.xcassets; sourceTree = "<group>"; };
		02C9D2A02858D4CE002FBB02 /* Base */ = {isa = PBXFileReference; lastKnownFileType = file.storyboard; name = Base; path = Base.lproj/LaunchScreen.storyboard; sourceTree = "<group>"; };
		02C9D2A22858D4CE002FBB02 /* Info.plist */ = {isa = PBXFileReference; lastKnownFileType = text.plist.xml; path = Info.plist; sourceTree = "<group>"; };
		02C9D2A72858D4CE002FBB02 /* RickAndMortyTests.xctest */ = {isa = PBXFileReference; explicitFileType = wrapper.cfbundle; includeInIndex = 0; path = RickAndMortyTests.xctest; sourceTree = BUILT_PRODUCTS_DIR; };
		02C9D2AB2858D4CF002FBB02 /* RickAndMortyTests.swift */ = {isa = PBXFileReference; lastKnownFileType = sourcecode.swift; path = RickAndMortyTests.swift; sourceTree = "<group>"; };
		02C9D2B12858D4CF002FBB02 /* RickAndMortyUITests.xctest */ = {isa = PBXFileReference; explicitFileType = wrapper.cfbundle; includeInIndex = 0; path = RickAndMortyUITests.xctest; sourceTree = BUILT_PRODUCTS_DIR; };
		02C9D2B52858D4CF002FBB02 /* RickAndMortyUITests.swift */ = {isa = PBXFileReference; lastKnownFileType = sourcecode.swift; path = RickAndMortyUITests.swift; sourceTree = "<group>"; };
		02C9D2B72858D4CF002FBB02 /* RickAndMortyUITestsLaunchTests.swift */ = {isa = PBXFileReference; lastKnownFileType = sourcecode.swift; path = RickAndMortyUITestsLaunchTests.swift; sourceTree = "<group>"; };
		02C9D2C52858D89D002FBB02 /* Characters.swift */ = {isa = PBXFileReference; lastKnownFileType = sourcecode.swift; path = Characters.swift; sourceTree = "<group>"; };
		02C9D2C92858DA99002FBB02 /* RickAndMortyAPI.swift */ = {isa = PBXFileReference; lastKnownFileType = sourcecode.swift; path = RickAndMortyAPI.swift; sourceTree = "<group>"; };
		02C9D2CB2858DACC002FBB02 /* rmAPIProtocol.swift */ = {isa = PBXFileReference; lastKnownFileType = sourcecode.swift; path = rmAPIProtocol.swift; sourceTree = "<group>"; };
/* End PBXFileReference section */

/* Begin PBXFrameworksBuildPhase section */
		02C9D28E2858D4CC002FBB02 /* Frameworks */ = {
			isa = PBXFrameworksBuildPhase;
			buildActionMask = 2147483647;
			files = (
			);
			runOnlyForDeploymentPostprocessing = 0;
		};
		02C9D2A42858D4CE002FBB02 /* Frameworks */ = {
			isa = PBXFrameworksBuildPhase;
			buildActionMask = 2147483647;
			files = (
			);
			runOnlyForDeploymentPostprocessing = 0;
		};
		02C9D2AE2858D4CF002FBB02 /* Frameworks */ = {
			isa = PBXFrameworksBuildPhase;
			buildActionMask = 2147483647;
			files = (
			);
			runOnlyForDeploymentPostprocessing = 0;
		};
/* End PBXFrameworksBuildPhase section */

/* Begin PBXGroup section */
		02C9D2882858D4CC002FBB02 = {
			isa = PBXGroup;
			children = (
				02C9D2932858D4CC002FBB02 /* RickAndMorty */,
				02C9D2AA2858D4CF002FBB02 /* RickAndMortyTests */,
				02C9D2B42858D4CF002FBB02 /* RickAndMortyUITests */,
				02C9D2922858D4CC002FBB02 /* Products */,
			);
			sourceTree = "<group>";
		};
		02C9D2922858D4CC002FBB02 /* Products */ = {
			isa = PBXGroup;
			children = (
				02C9D2912858D4CC002FBB02 /* RickAndMorty.app */,
				02C9D2A72858D4CE002FBB02 /* RickAndMortyTests.xctest */,
				02C9D2B12858D4CF002FBB02 /* RickAndMortyUITests.xctest */,
			);
			name = Products;
			sourceTree = "<group>";
		};
		02C9D2932858D4CC002FBB02 /* RickAndMorty */ = {
			isa = PBXGroup;
			children = (
				02C9D2C82858DA67002FBB02 /* Protocol */,
				02C9D2C72858DA5C002FBB02 /* Networking */,
				02C9D2C42858D828002FBB02 /* Models */,
				02C9D2942858D4CC002FBB02 /* AppDelegate.swift */,
				02C9D2962858D4CC002FBB02 /* SceneDelegate.swift */,
				0239B55428596B60004F3A48 /* DetailsViewController.swift */,
				02C9D2982858D4CC002FBB02 /* ViewController.swift */,
				02C9D29A2858D4CC002FBB02 /* Main.storyboard */,
				02C9D29D2858D4CE002FBB02 /* Assets.xcassets */,
				02C9D29F2858D4CE002FBB02 /* LaunchScreen.storyboard */,
				02C9D2A22858D4CE002FBB02 /* Info.plist */,
			);
			path = RickAndMorty;
			sourceTree = "<group>";
		};
		02C9D2AA2858D4CF002FBB02 /* RickAndMortyTests */ = {
			isa = PBXGroup;
			children = (
				02C9D2AB2858D4CF002FBB02 /* RickAndMortyTests.swift */,
			);
			path = RickAndMortyTests;
			sourceTree = "<group>";
		};
		02C9D2B42858D4CF002FBB02 /* RickAndMortyUITests */ = {
			isa = PBXGroup;
			children = (
				02C9D2B52858D4CF002FBB02 /* RickAndMortyUITests.swift */,
				02C9D2B72858D4CF002FBB02 /* RickAndMortyUITestsLaunchTests.swift */,
			);
			path = RickAndMortyUITests;
			sourceTree = "<group>";
		};
		02C9D2C42858D828002FBB02 /* Models */ = {
			isa = PBXGroup;
			children = (
				02C9D2C52858D89D002FBB02 /* Characters.swift */,
			);
			path = Models;
			sourceTree = "<group>";
		};
		02C9D2C72858DA5C002FBB02 /* Networking */ = {
			isa = PBXGroup;
			children = (
				02C9D2C92858DA99002FBB02 /* RickAndMortyAPI.swift */,
			);
			path = Networking;
			sourceTree = "<group>";
		};
		02C9D2C82858DA67002FBB02 /* Protocol */ = {
			isa = PBXGroup;
			children = (
				02C9D2CB2858DACC002FBB02 /* rmAPIProtocol.swift */,
			);
			path = Protocol;
			sourceTree = "<group>";
		};
/* End PBXGroup section */

/* Begin PBXNativeTarget section */
		02C9D2902858D4CC002FBB02 /* RickAndMorty */ = {
			isa = PBXNativeTarget;
			buildConfigurationList = 02C9D2BB2858D4CF002FBB02 /* Build configuration list for PBXNativeTarget "RickAndMorty" */;
			buildPhases = (
				02C9D28D2858D4CC002FBB02 /* Sources */,
				02C9D28E2858D4CC002FBB02 /* Frameworks */,
				02C9D28F2858D4CC002FBB02 /* Resources */,
			);
			buildRules = (
			);
			dependencies = (
			);
			name = RickAndMorty;
			productName = RickAndMorty;
			productReference = 02C9D2912858D4CC002FBB02 /* RickAndMorty.app */;
			productType = "com.apple.product-type.application";
		};
		02C9D2A62858D4CE002FBB02 /* RickAndMortyTests */ = {
			isa = PBXNativeTarget;
			buildConfigurationList = 02C9D2BE2858D4CF002FBB02 /* Build configuration list for PBXNativeTarget "RickAndMortyTests" */;
			buildPhases = (
				02C9D2A32858D4CE002FBB02 /* Sources */,
				02C9D2A42858D4CE002FBB02 /* Frameworks */,
				02C9D2A52858D4CE002FBB02 /* Resources */,
			);
			buildRules = (
			);
			dependencies = (
				02C9D2A92858D4CE002FBB02 /* PBXTargetDependency */,
			);
			name = RickAndMortyTests;
			productName = RickAndMortyTests;
			productReference = 02C9D2A72858D4CE002FBB02 /* RickAndMortyTests.xctest */;
			productType = "com.apple.product-type.bundle.unit-test";
		};
		02C9D2B02858D4CF002FBB02 /* RickAndMortyUITests */ = {
			isa = PBXNativeTarget;
			buildConfigurationList = 02C9D2C12858D4CF002FBB02 /* Build configuration list for PBXNativeTarget "RickAndMortyUITests" */;
			buildPhases = (
				02C9D2AD2858D4CF002FBB02 /* Sources */,
				02C9D2AE2858D4CF002FBB02 /* Frameworks */,
				02C9D2AF2858D4CF002FBB02 /* Resources */,
			);
			buildRules = (
			);
			dependencies = (
				02C9D2B32858D4CF002FBB02 /* PBXTargetDependency */,
			);
			name = RickAndMortyUITests;
			productName = RickAndMortyUITests;
			productReference = 02C9D2B12858D4CF002FBB02 /* RickAndMortyUITests.xctest */;
			productType = "com.apple.product-type.bundle.ui-testing";
		};
/* End PBXNativeTarget section */

/* Begin PBXProject section */
		02C9D2892858D4CC002FBB02 /* Project object */ = {
			isa = PBXProject;
			attributes = {
				BuildIndependentTargetsInParallel = 1;
				LastSwiftUpdateCheck = 1340;
				LastUpgradeCheck = 1340;
				TargetAttributes = {
					02C9D2902858D4CC002FBB02 = {
						CreatedOnToolsVersion = 13.4.1;
					};
					02C9D2A62858D4CE002FBB02 = {
						CreatedOnToolsVersion = 13.4.1;
						TestTargetID = 02C9D2902858D4CC002FBB02;
					};
					02C9D2B02858D4CF002FBB02 = {
						CreatedOnToolsVersion = 13.4.1;
						TestTargetID = 02C9D2902858D4CC002FBB02;
					};
				};
			};
			buildConfigurationList = 02C9D28C2858D4CC002FBB02 /* Build configuration list for PBXProject "RickAndMorty" */;
			compatibilityVersion = "Xcode 13.0";
			developmentRegion = en;
			hasScannedForEncodings = 0;
			knownRegions = (
				en,
				Base,
			);
			mainGroup = 02C9D2882858D4CC002FBB02;
			productRefGroup = 02C9D2922858D4CC002FBB02 /* Products */;
			projectDirPath = "";
			projectRoot = "";
			targets = (
				02C9D2902858D4CC002FBB02 /* RickAndMorty */,
				02C9D2A62858D4CE002FBB02 /* RickAndMortyTests */,
				02C9D2B02858D4CF002FBB02 /* RickAndMortyUITests */,
			);
		};
/* End PBXProject section */

/* Begin PBXResourcesBuildPhase section */
		02C9D28F2858D4CC002FBB02 /* Resources */ = {
			isa = PBXResourcesBuildPhase;
			buildActionMask = 2147483647;
			files = (
				02C9D2A12858D4CE002FBB02 /* LaunchScreen.storyboard in Resources */,
				02C9D29E2858D4CE002FBB02 /* Assets.xcassets in Resources */,
				02C9D29C2858D4CC002FBB02 /* Main.storyboard in Resources */,
			);
			runOnlyForDeploymentPostprocessing = 0;
		};
		02C9D2A52858D4CE002FBB02 /* Resources */ = {
			isa = PBXResourcesBuildPhase;
			buildActionMask = 2147483647;
			files = (
			);
			runOnlyForDeploymentPostprocessing = 0;
		};
		02C9D2AF2858D4CF002FBB02 /* Resources */ = {
			isa = PBXResourcesBuildPhase;
			buildActionMask = 2147483647;
			files = (
			);
			runOnlyForDeploymentPostprocessing = 0;
		};
/* End PBXResourcesBuildPhase section */

/* Begin PBXSourcesBuildPhase section */
		02C9D28D2858D4CC002FBB02 /* Sources */ = {
			isa = PBXSourcesBuildPhase;
			buildActionMask = 2147483647;
			files = (
				02C9D2992858D4CC002FBB02 /* ViewController.swift in Sources */,
				02C9D2CA2858DA99002FBB02 /* RickAndMortyAPI.swift in Sources */,
				02C9D2952858D4CC002FBB02 /* AppDelegate.swift in Sources */,
				02C9D2972858D4CC002FBB02 /* SceneDelegate.swift in Sources */,
				0239B55528596B60004F3A48 /* DetailsViewController.swift in Sources */,
				02C9D2C62858D89D002FBB02 /* Characters.swift in Sources */,
				02C9D2CC2858DACC002FBB02 /* rmAPIProtocol.swift in Sources */,
			);
			runOnlyForDeploymentPostprocessing = 0;
		};
		02C9D2A32858D4CE002FBB02 /* Sources */ = {
			isa = PBXSourcesBuildPhase;
			buildActionMask = 2147483647;
			files = (
				02C9D2AC2858D4CF002FBB02 /* RickAndMortyTests.swift in Sources */,
			);
			runOnlyForDeploymentPostprocessing = 0;
		};
		02C9D2AD2858D4CF002FBB02 /* Sources */ = {
			isa = PBXSourcesBuildPhase;
			buildActionMask = 2147483647;
			files = (
				02C9D2B62858D4CF002FBB02 /* RickAndMortyUITests.swift in Sources */,
				02C9D2B82858D4CF002FBB02 /* RickAndMortyUITestsLaunchTests.swift in Sources */,
			);
			runOnlyForDeploymentPostprocessing = 0;
		};
/* End PBXSourcesBuildPhase section */

/* Begin PBXTargetDependency section */
		02C9D2A92858D4CE002FBB02 /* PBXTargetDependency */ = {
			isa = PBXTargetDependency;
			target = 02C9D2902858D4CC002FBB02 /* RickAndMorty */;
			targetProxy = 02C9D2A82858D4CE002FBB02 /* PBXContainerItemProxy */;
		};
		02C9D2B32858D4CF002FBB02 /* PBXTargetDependency */ = {
			isa = PBXTargetDependency;
			target = 02C9D2902858D4CC002FBB02 /* RickAndMorty */;
			targetProxy = 02C9D2B22858D4CF002FBB02 /* PBXContainerItemProxy */;
		};
/* End PBXTargetDependency section */

/* Begin PBXVariantGroup section */
		02C9D29A2858D4CC002FBB02 /* Main.storyboard */ = {
			isa = PBXVariantGroup;
			children = (
				02C9D29B2858D4CC002FBB02 /* Base */,
			);
			name = Main.storyboard;
			sourceTree = "<group>";
		};
		02C9D29F2858D4CE002FBB02 /* LaunchScreen.storyboard */ = {
			isa = PBXVariantGroup;
			children = (
				02C9D2A02858D4CE002FBB02 /* Base */,
			);
			name = LaunchScreen.storyboard;
			sourceTree = "<group>";
		};
/* End PBXVariantGroup section */

/* Begin XCBuildConfiguration section */
		02C9D2B92858D4CF002FBB02 /* Debug */ = {
			isa = XCBuildConfiguration;
			buildSettings = {
				ALWAYS_SEARCH_USER_PATHS = NO;
				CLANG_ANALYZER_NONNULL = YES;
				CLANG_ANALYZER_NUMBER_OBJECT_CONVERSION = YES_AGGRESSIVE;
				CLANG_CXX_LANGUAGE_STANDARD = "gnu++17";
				CLANG_ENABLE_MODULES = YES;
				CLANG_ENABLE_OBJC_ARC = YES;
				CLANG_ENABLE_OBJC_WEAK = YES;
				CLANG_WARN_BLOCK_CAPTURE_AUTORELEASING = YES;
				CLANG_WARN_BOOL_CONVERSION = YES;
				CLANG_WARN_COMMA = YES;
				CLANG_WARN_CONSTANT_CONVERSION = YES;
				CLANG_WARN_DEPRECATED_OBJC_IMPLEMENTATIONS = YES;
				CLANG_WARN_DIRECT_OBJC_ISA_USAGE = YES_ERROR;
				CLANG_WARN_DOCUMENTATION_COMMENTS = YES;
				CLANG_WARN_EMPTY_BODY = YES;
				CLANG_WARN_ENUM_CONVERSION = YES;
				CLANG_WARN_INFINITE_RECURSION = YES;
				CLANG_WARN_INT_CONVERSION = YES;
				CLANG_WARN_NON_LITERAL_NULL_CONVERSION = YES;
				CLANG_WARN_OBJC_IMPLICIT_RETAIN_SELF = YES;
				CLANG_WARN_OBJC_LITERAL_CONVERSION = YES;
				CLANG_WARN_OBJC_ROOT_CLASS = YES_ERROR;
				CLANG_WARN_QUOTED_INCLUDE_IN_FRAMEWORK_HEADER = YES;
				CLANG_WARN_RANGE_LOOP_ANALYSIS = YES;
				CLANG_WARN_STRICT_PROTOTYPES = YES;
				CLANG_WARN_SUSPICIOUS_MOVE = YES;
				CLANG_WARN_UNGUARDED_AVAILABILITY = YES_AGGRESSIVE;
				CLANG_WARN_UNREACHABLE_CODE = YES;
				CLANG_WARN__DUPLICATE_METHOD_MATCH = YES;
				COPY_PHASE_STRIP = NO;
				DEBUG_INFORMATION_FORMAT = dwarf;
				ENABLE_STRICT_OBJC_MSGSEND = YES;
				ENABLE_TESTABILITY = YES;
				GCC_C_LANGUAGE_STANDARD = gnu11;
				GCC_DYNAMIC_NO_PIC = NO;
				GCC_NO_COMMON_BLOCKS = YES;
				GCC_OPTIMIZATION_LEVEL = 0;
				GCC_PREPROCESSOR_DEFINITIONS = (
					"DEBUG=1",
					"$(inherited)",
				);
				GCC_WARN_64_TO_32_BIT_CONVERSION = YES;
				GCC_WARN_ABOUT_RETURN_TYPE = YES_ERROR;
				GCC_WARN_UNDECLARED_SELECTOR = YES;
				GCC_WARN_UNINITIALIZED_AUTOS = YES_AGGRESSIVE;
				GCC_WARN_UNUSED_FUNCTION = YES;
				GCC_WARN_UNUSED_VARIABLE = YES;
				IPHONEOS_DEPLOYMENT_TARGET = 15.5;
				MTL_ENABLE_DEBUG_INFO = INCLUDE_SOURCE;
				MTL_FAST_MATH = YES;
				ONLY_ACTIVE_ARCH = YES;
				SDKROOT = iphoneos;
				SWIFT_ACTIVE_COMPILATION_CONDITIONS = DEBUG;
				SWIFT_OPTIMIZATION_LEVEL = "-Onone";
			};
			name = Debug;
		};
		02C9D2BA2858D4CF002FBB02 /* Release */ = {
			isa = XCBuildConfiguration;
			buildSettings = {
				ALWAYS_SEARCH_USER_PATHS = NO;
				CLANG_ANALYZER_NONNULL = YES;
				CLANG_ANALYZER_NUMBER_OBJECT_CONVERSION = YES_AGGRESSIVE;
				CLANG_CXX_LANGUAGE_STANDARD = "gnu++17";
				CLANG_ENABLE_MODULES = YES;
				CLANG_ENABLE_OBJC_ARC = YES;
				CLANG_ENABLE_OBJC_WEAK = YES;
				CLANG_WARN_BLOCK_CAPTURE_AUTORELEASING = YES;
				CLANG_WARN_BOOL_CONVERSION = YES;
				CLANG_WARN_COMMA = YES;
				CLANG_WARN_CONSTANT_CONVERSION = YES;
				CLANG_WARN_DEPRECATED_OBJC_IMPLEMENTATIONS = YES;
				CLANG_WARN_DIRECT_OBJC_ISA_USAGE = YES_ERROR;
				CLANG_WARN_DOCUMENTATION_COMMENTS = YES;
				CLANG_WARN_EMPTY_BODY = YES;
				CLANG_WARN_ENUM_CONVERSION = YES;
				CLANG_WARN_INFINITE_RECURSION = YES;
				CLANG_WARN_INT_CONVERSION = YES;
				CLANG_WARN_NON_LITERAL_NULL_CONVERSION = YES;
				CLANG_WARN_OBJC_IMPLICIT_RETAIN_SELF = YES;
				CLANG_WARN_OBJC_LITERAL_CONVERSION = YES;
				CLANG_WARN_OBJC_ROOT_CLASS = YES_ERROR;
				CLANG_WARN_QUOTED_INCLUDE_IN_FRAMEWORK_HEADER = YES;
				CLANG_WARN_RANGE_LOOP_ANALYSIS = YES;
				CLANG_WARN_STRICT_PROTOTYPES = YES;
				CLANG_WARN_SUSPICIOUS_MOVE = YES;
				CLANG_WARN_UNGUARDED_AVAILABILITY = YES_AGGRESSIVE;
				CLANG_WARN_UNREACHABLE_CODE = YES;
				CLANG_WARN__DUPLICATE_METHOD_MATCH = YES;
				COPY_PHASE_STRIP = NO;
				DEBUG_INFORMATION_FORMAT = "dwarf-with-dsym";
				ENABLE_NS_ASSERTIONS = NO;
				ENABLE_STRICT_OBJC_MSGSEND = YES;
				GCC_C_LANGUAGE_STANDARD = gnu11;
				GCC_NO_COMMON_BLOCKS = YES;
				GCC_WARN_64_TO_32_BIT_CONVERSION = YES;
				GCC_WARN_ABOUT_RETURN_TYPE = YES_ERROR;
				GCC_WARN_UNDECLARED_SELECTOR = YES;
				GCC_WARN_UNINITIALIZED_AUTOS = YES_AGGRESSIVE;
				GCC_WARN_UNUSED_FUNCTION = YES;
				GCC_WARN_UNUSED_VARIABLE = YES;
				IPHONEOS_DEPLOYMENT_TARGET = 15.5;
				MTL_ENABLE_DEBUG_INFO = NO;
				MTL_FAST_MATH = YES;
				SDKROOT = iphoneos;
				SWIFT_COMPILATION_MODE = wholemodule;
				SWIFT_OPTIMIZATION_LEVEL = "-O";
				VALIDATE_PRODUCT = YES;
			};
			name = Release;
		};
		02C9D2BC2858D4CF002FBB02 /* Debug */ = {
			isa = XCBuildConfiguration;
			buildSettings = {
				ASSETCATALOG_COMPILER_APPICON_NAME = AppIcon;
				ASSETCATALOG_COMPILER_GLOBAL_ACCENT_COLOR_NAME = AccentColor;
				CODE_SIGN_STYLE = Automatic;
				CURRENT_PROJECT_VERSION = 1;
				DEVELOPMENT_TEAM = 73MS7C48QN;
				GENERATE_INFOPLIST_FILE = YES;
				INFOPLIST_FILE = RickAndMorty/Info.plist;
				INFOPLIST_KEY_UIApplicationSupportsIndirectInputEvents = YES;
				INFOPLIST_KEY_UILaunchStoryboardName = LaunchScreen;
				INFOPLIST_KEY_UIMainStoryboardFile = Main;
				INFOPLIST_KEY_UISupportedInterfaceOrientations_iPad = "UIInterfaceOrientationPortrait UIInterfaceOrientationPortraitUpsideDown UIInterfaceOrientationLandscapeLeft UIInterfaceOrientationLandscapeRight";
				INFOPLIST_KEY_UISupportedInterfaceOrientations_iPhone = "UIInterfaceOrientationPortrait UIInterfaceOrientationLandscapeLeft UIInterfaceOrientationLandscapeRight";
				LD_RUNPATH_SEARCH_PATHS = (
					"$(inherited)",
					"@executable_path/Frameworks",
				);
				MARKETING_VERSION = 1.0;
				PRODUCT_BUNDLE_IDENTIFIER = com.calc.RickAndMorty;
				PRODUCT_NAME = "$(TARGET_NAME)";
				SWIFT_EMIT_LOC_STRINGS = YES;
				SWIFT_VERSION = 5.0;
				TARGETED_DEVICE_FAMILY = "1,2";
			};
			name = Debug;
		};
		02C9D2BD2858D4CF002FBB02 /* Release */ = {
			isa = XCBuildConfiguration;
			buildSettings = {
				ASSETCATALOG_COMPILER_APPICON_NAME = AppIcon;
				ASSETCATALOG_COMPILER_GLOBAL_ACCENT_COLOR_NAME = AccentColor;
				CODE_SIGN_STYLE = Automatic;
				CURRENT_PROJECT_VERSION = 1;
				DEVELOPMENT_TEAM = 73MS7C48QN;
				GENERATE_INFOPLIST_FILE = YES;
				INFOPLIST_FILE = RickAndMorty/Info.plist;
				INFOPLIST_KEY_UIApplicationSupportsIndirectInputEvents = YES;
				INFOPLIST_KEY_UILaunchStoryboardName = LaunchScreen;
				INFOPLIST_KEY_UIMainStoryboardFile = Main;
				INFOPLIST_KEY_UISupportedInterfaceOrientations_iPad = "UIInterfaceOrientationPortrait UIInterfaceOrientationPortraitUpsideDown UIInterfaceOrientationLandscapeLeft UIInterfaceOrientationLandscapeRight";
				INFOPLIST_KEY_UISupportedInterfaceOrientations_iPhone = "UIInterfaceOrientationPortrait UIInterfaceOrientationLandscapeLeft UIInterfaceOrientationLandscapeRight";
				LD_RUNPATH_SEARCH_PATHS = (
					"$(inherited)",
					"@executable_path/Frameworks",
				);
				MARKETING_VERSION = 1.0;
				PRODUCT_BUNDLE_IDENTIFIER = com.calc.RickAndMorty;
				PRODUCT_NAME = "$(TARGET_NAME)";
				SWIFT_EMIT_LOC_STRINGS = YES;
				SWIFT_VERSION = 5.0;
				TARGETED_DEVICE_FAMILY = "1,2";
			};
			name = Release;
		};
		02C9D2BF2858D4CF002FBB02 /* Debug */ = {
			isa = XCBuildConfiguration;
			buildSettings = {
				ALWAYS_EMBED_SWIFT_STANDARD_LIBRARIES = YES;
				BUNDLE_LOADER = "$(TEST_HOST)";
				CODE_SIGN_STYLE = Automatic;
				CURRENT_PROJECT_VERSION = 1;
				DEVELOPMENT_TEAM = 73MS7C48QN;
				GENERATE_INFOPLIST_FILE = YES;
				IPHONEOS_DEPLOYMENT_TARGET = 15.5;
				MARKETING_VERSION = 1.0;
				PRODUCT_BUNDLE_IDENTIFIER = com.calc.RickAndMortyTests;
				PRODUCT_NAME = "$(TARGET_NAME)";
				SWIFT_EMIT_LOC_STRINGS = NO;
				SWIFT_VERSION = 5.0;
				TARGETED_DEVICE_FAMILY = "1,2";
				TEST_HOST = "$(BUILT_PRODUCTS_DIR)/RickAndMorty.app/RickAndMorty";
			};
			name = Debug;
		};
		02C9D2C02858D4CF002FBB02 /* Release */ = {
			isa = XCBuildConfiguration;
			buildSettings = {
				ALWAYS_EMBED_SWIFT_STANDARD_LIBRARIES = YES;
				BUNDLE_LOADER = "$(TEST_HOST)";
				CODE_SIGN_STYLE = Automatic;
				CURRENT_PROJECT_VERSION = 1;
				DEVELOPMENT_TEAM = 73MS7C48QN;
				GENERATE_INFOPLIST_FILE = YES;
				IPHONEOS_DEPLOYMENT_TARGET = 15.5;
				MARKETING_VERSION = 1.0;
				PRODUCT_BUNDLE_IDENTIFIER = com.calc.RickAndMortyTests;
				PRODUCT_NAME = "$(TARGET_NAME)";
				SWIFT_EMIT_LOC_STRINGS = NO;
				SWIFT_VERSION = 5.0;
				TARGETED_DEVICE_FAMILY = "1,2";
				TEST_HOST = "$(BUILT_PRODUCTS_DIR)/RickAndMorty.app/RickAndMorty";
			};
			name = Release;
		};
		02C9D2C22858D4CF002FBB02 /* Debug */ = {
			isa = XCBuildConfiguration;
			buildSettings = {
				ALWAYS_EMBED_SWIFT_STANDARD_LIBRARIES = YES;
				CODE_SIGN_STYLE = Automatic;
				CURRENT_PROJECT_VERSION = 1;
				DEVELOPMENT_TEAM = 73MS7C48QN;
				GENERATE_INFOPLIST_FILE = YES;
				MARKETING_VERSION = 1.0;
				PRODUCT_BUNDLE_IDENTIFIER = com.calc.RickAndMortyUITests;
				PRODUCT_NAME = "$(TARGET_NAME)";
				SWIFT_EMIT_LOC_STRINGS = NO;
				SWIFT_VERSION = 5.0;
				TARGETED_DEVICE_FAMILY = "1,2";
				TEST_TARGET_NAME = RickAndMorty;
			};
			name = Debug;
		};
		02C9D2C32858D4CF002FBB02 /* Release */ = {
			isa = XCBuildConfiguration;
			buildSettings = {
				ALWAYS_EMBED_SWIFT_STANDARD_LIBRARIES = YES;
				CODE_SIGN_STYLE = Automatic;
				CURRENT_PROJECT_VERSION = 1;
				DEVELOPMENT_TEAM = 73MS7C48QN;
				GENERATE_INFOPLIST_FILE = YES;
				MARKETING_VERSION = 1.0;
				PRODUCT_BUNDLE_IDENTIFIER = com.calc.RickAndMortyUITests;
				PRODUCT_NAME = "$(TARGET_NAME)";
				SWIFT_EMIT_LOC_STRINGS = NO;
				SWIFT_VERSION = 5.0;
				TARGETED_DEVICE_FAMILY = "1,2";
				TEST_TARGET_NAME = RickAndMorty;
			};
			name = Release;
		};
/* End XCBuildConfiguration section */

/* Begin XCConfigurationList section */
		02C9D28C2858D4CC002FBB02 /* Build configuration list for PBXProject "RickAndMorty" */ = {
			isa = XCConfigurationList;
			buildConfigurations = (
				02C9D2B92858D4CF002FBB02 /* Debug */,
				02C9D2BA2858D4CF002FBB02 /* Release */,
			);
			defaultConfigurationIsVisible = 0;
			defaultConfigurationName = Release;
		};
		02C9D2BB2858D4CF002FBB02 /* Build configuration list for PBXNativeTarget "RickAndMorty" */ = {
			isa = XCConfigurationList;
			buildConfigurations = (
				02C9D2BC2858D4CF002FBB02 /* Debug */,
				02C9D2BD2858D4CF002FBB02 /* Release */,
			);
			defaultConfigurationIsVisible = 0;
			defaultConfigurationName = Release;
		};
		02C9D2BE2858D4CF002FBB02 /* Build configuration list for PBXNativeTarget "RickAndMortyTests" */ = {
			isa = XCConfigurationList;
			buildConfigurations = (
				02C9D2BF2858D4CF002FBB02 /* Debug */,
				02C9D2C02858D4CF002FBB02 /* Release */,
			);
			defaultConfigurationIsVisible = 0;
			defaultConfigurationName = Release;
		};
		02C9D2C12858D4CF002FBB02 /* Build configuration list for PBXNativeTarget "RickAndMortyUITests" */ = {
			isa = XCConfigurationList;
			buildConfigurations = (
				02C9D2C22858D4CF002FBB02 /* Debug */,
				02C9D2C32858D4CF002FBB02 /* Release */,
			);
			defaultConfigurationIsVisible = 0;
			defaultConfigurationName = Release;
		};
/* End XCConfigurationList section */
	};
	rootObject = 02C9D2892858D4CC002FBB02 /* Project object */;
}
